// !$*UTF8*$!
{
	archiveVersion = 1;
	classes = {
	};
	objectVersion = 50;
	objects = {

/* Begin PBXBuildFile section */
		49A7075D22032E0100B604F7 /* AppDelegate.swift in Sources */ = {isa = PBXBuildFile; fileRef = 49A7075C22032E0100B604F7 /* AppDelegate.swift */; };
		49A7075F22032E0100B604F7 /* MainViewController.swift in Sources */ = {isa = PBXBuildFile; fileRef = 49A7075E22032E0100B604F7 /* MainViewController.swift */; };
		49A7076222032E0100B604F7 /* Main.storyboard in Resources */ = {isa = PBXBuildFile; fileRef = 49A7076022032E0100B604F7 /* Main.storyboard */; };
		49A7076422032E0400B604F7 /* Assets.xcassets in Resources */ = {isa = PBXBuildFile; fileRef = 49A7076322032E0400B604F7 /* Assets.xcassets */; };
		49A7076722032E0400B604F7 /* LaunchScreen.storyboard in Resources */ = {isa = PBXBuildFile; fileRef = 49A7076522032E0400B604F7 /* LaunchScreen.storyboard */; };
		49A707722203388F00B604F7 /* Artist.swift in Sources */ = {isa = PBXBuildFile; fileRef = 49A707712203388F00B604F7 /* Artist.swift */; };
		49A7077922034F4000B604F7 /* Stage.swift in Sources */ = {isa = PBXBuildFile; fileRef = 49A7077822034F4000B604F7 /* Stage.swift */; };
/* End PBXBuildFile section */

/* Begin PBXFileReference section */
		49A7075922032E0100B604F7 /* Eindproject Brecht.app */ = {isa = PBXFileReference; explicitFileType = wrapper.application; includeInIndex = 0; path = "Eindproject Brecht.app"; sourceTree = BUILT_PRODUCTS_DIR; };
		49A7075C22032E0100B604F7 /* AppDelegate.swift */ = {isa = PBXFileReference; lastKnownFileType = sourcecode.swift; path = AppDelegate.swift; sourceTree = "<group>"; };
		49A7075E22032E0100B604F7 /* MainViewController.swift */ = {isa = PBXFileReference; lastKnownFileType = sourcecode.swift; path = MainViewController.swift; sourceTree = "<group>"; };
		49A7076122032E0100B604F7 /* Base */ = {isa = PBXFileReference; lastKnownFileType = file.storyboard; name = Base; path = Base.lproj/Main.storyboard; sourceTree = "<group>"; };
		49A7076322032E0400B604F7 /* Assets.xcassets */ = {isa = PBXFileReference; lastKnownFileType = folder.assetcatalog; path = Assets.xcassets; sourceTree = "<group>"; };
		49A7076622032E0400B604F7 /* Base */ = {isa = PBXFileReference; lastKnownFileType = file.storyboard; name = Base; path = Base.lproj/LaunchScreen.storyboard; sourceTree = "<group>"; };
		49A7076822032E0400B604F7 /* Info.plist */ = {isa = PBXFileReference; lastKnownFileType = text.plist.xml; path = Info.plist; sourceTree = "<group>"; };
		49A707712203388F00B604F7 /* Artist.swift */ = {isa = PBXFileReference; lastKnownFileType = sourcecode.swift; path = Artist.swift; sourceTree = "<group>"; };
		49A7077822034F4000B604F7 /* Stage.swift */ = {isa = PBXFileReference; lastKnownFileType = sourcecode.swift; path = Stage.swift; sourceTree = "<group>"; };
/* End PBXFileReference section */

/* Begin PBXFrameworksBuildPhase section */
		49A7075622032E0100B604F7 /* Frameworks */ = {
			isa = PBXFrameworksBuildPhase;
			buildActionMask = 2147483647;
			files = (
			);
			runOnlyForDeploymentPostprocessing = 0;
		};
/* End PBXFrameworksBuildPhase section */

/* Begin PBXGroup section */
		49A7075022032E0100B604F7 = {
			isa = PBXGroup;
			children = (
				49A7075B22032E0100B604F7 /* Eindproject Brecht */,
				49A7075A22032E0100B604F7 /* Products */,
			);
			sourceTree = "<group>";
		};
		49A7075A22032E0100B604F7 /* Products */ = {
			isa = PBXGroup;
			children = (
				49A7075922032E0100B604F7 /* Eindproject Brecht.app */,
			);
			name = Products;
			sourceTree = "<group>";
		};
		49A7075B22032E0100B604F7 /* Eindproject Brecht */ = {
			isa = PBXGroup;
			children = (
				49A7077022032E3E00B604F7 /* controller */,
				49A7075E22032E0100B604F7 /* MainViewController.swift */,
				49A7076F22032E3900B604F7 /* view */,
				49A7076522032E0400B604F7 /* LaunchScreen.storyboard */,
				49A7076022032E0100B604F7 /* Main.storyboard */,
				49A7076E22032E3100B604F7 /* model */,
				49A7075C22032E0100B604F7 /* AppDelegate.swift */,
				49A7076322032E0400B604F7 /* Assets.xcassets */,
				49A7076822032E0400B604F7 /* Info.plist */,
			);
			path = "Eindproject Brecht";
			sourceTree = "<group>";
		};
		49A7076E22032E3100B604F7 /* model */ = {
			isa = PBXGroup;
			children = (
				49A707712203388F00B604F7 /* Artist.swift */,
				49A7077822034F4000B604F7 /* Stage.swift */,
			);
			path = model;
			sourceTree = "<group>";
		};
		49A7076F22032E3900B604F7 /* view */ = {
			isa = PBXGroup;
			children = (
			);
			path = view;
			sourceTree = "<group>";
		};
		49A7077022032E3E00B604F7 /* controller */ = {
			isa = PBXGroup;
			children = (
			);
			path = controller;
			sourceTree = "<group>";
		};
/* End PBXGroup section */

/* Begin PBXNativeTarget section */
		49A7075822032E0100B604F7 /* Eindproject Brecht */ = {
			isa = PBXNativeTarget;
			buildConfigurationList = 49A7076B22032E0400B604F7 /* Build configuration list for PBXNativeTarget "Eindproject Brecht" */;
			buildPhases = (
				49A7075522032E0100B604F7 /* Sources */,
				49A7075622032E0100B604F7 /* Frameworks */,
				49A7075722032E0100B604F7 /* Resources */,
			);
			buildRules = (
			);
			dependencies = (
			);
			name = "Eindproject Brecht";
			productName = "Eindproject Brecht";
			productReference = 49A7075922032E0100B604F7 /* Eindproject Brecht.app */;
			productType = "com.apple.product-type.application";
		};
/* End PBXNativeTarget section */

/* Begin PBXProject section */
		49A7075122032E0100B604F7 /* Project object */ = {
			isa = PBXProject;
			attributes = {
				LastSwiftUpdateCheck = 1010;
				LastUpgradeCheck = 1010;
				ORGANIZATIONNAME = EhB;
				TargetAttributes = {
					49A7075822032E0100B604F7 = {
						CreatedOnToolsVersion = 10.1;
					};
				};
			};
			buildConfigurationList = 49A7075422032E0100B604F7 /* Build configuration list for PBXProject "Eindproject Brecht" */;
			compatibilityVersion = "Xcode 9.3";
			developmentRegion = en;
			hasScannedForEncodings = 0;
			knownRegions = (
				en,
				Base,
			);
			mainGroup = 49A7075022032E0100B604F7;
			productRefGroup = 49A7075A22032E0100B604F7 /* Products */;
			projectDirPath = "";
			projectRoot = "";
			targets = (
				49A7075822032E0100B604F7 /* Eindproject Brecht */,
			);
		};
/* End PBXProject section */

/* Begin PBXResourcesBuildPhase section */
		49A7075722032E0100B604F7 /* Resources */ = {
			isa = PBXResourcesBuildPhase;
			buildActionMask = 2147483647;
			files = (
				49A7076722032E0400B604F7 /* LaunchScreen.storyboard in Resources */,
				49A7076422032E0400B604F7 /* Assets.xcassets in Resources */,
				49A7076222032E0100B604F7 /* Main.storyboard in Resources */,
			);
			runOnlyForDeploymentPostprocessing = 0;
		};
/* End PBXResourcesBuildPhase section */

/* Begin PBXSourcesBuildPhase section */
		49A7075522032E0100B604F7 /* Sources */ = {
			isa = PBXSourcesBuildPhase;
			buildActionMask = 2147483647;
			files = (
				49A707722203388F00B604F7 /* Artist.swift in Sources */,
				49A7075F22032E0100B604F7 /* MainViewController.swift in Sources */,
				49A7077922034F4000B604F7 /* Stage.swift in Sources */,
				49A7075D22032E0100B604F7 /* AppDelegate.swift in Sources */,
			);
			runOnlyForDeploymentPostprocessing = 0;
		};
/* End PBXSourcesBuildPhase section */

/* Begin PBXVariantGroup section */
		49A7076022032E0100B604F7 /* Main.storyboard */ = {
			isa = PBXVariantGroup;
			children = (
				49A7076122032E0100B604F7 /* Base */,
			);
			name = Main.storyboard;
			sourceTree = "<group>";
		};
		49A7076522032E0400B604F7 /* LaunchScreen.storyboard */ = {
			isa = PBXVariantGroup;
			children = (
				49A7076622032E0400B604F7 /* Base */,
			);
			name = LaunchScreen.storyboard;
			sourceTree = "<group>";
		};
/* End PBXVariantGroup section */

/* Begin XCBuildConfiguration section */
		49A7076922032E0400B604F7 /* Debug */ = {
			isa = XCBuildConfiguration;
			buildSettings = {
				ALWAYS_SEARCH_USER_PATHS = NO;
				CLANG_ANALYZER_NONNULL = YES;
				CLANG_ANALYZER_NUMBER_OBJECT_CONVERSION = YES_AGGRESSIVE;
				CLANG_CXX_LANGUAGE_STANDARD = "gnu++14";
				CLANG_CXX_LIBRARY = "libc++";
				CLANG_ENABLE_MODULES = YES;
				CLANG_ENABLE_OBJC_ARC = YES;
				CLANG_ENABLE_OBJC_WEAK = YES;
				CLANG_WARN_BLOCK_CAPTURE_AUTORELEASING = YES;
				CLANG_WARN_BOOL_CONVERSION = YES;
				CLANG_WARN_COMMA = YES;
				CLANG_WARN_CONSTANT_CONVERSION = YES;
				CLANG_WARN_DEPRECATED_OBJC_IMPLEMENTATIONS = YES;
				CLANG_WARN_DIRECT_OBJC_ISA_USAGE = YES_ERROR;
				CLANG_WARN_DOCUMENTATION_COMMENTS = YES;
				CLANG_WARN_EMPTY_BODY = YES;
				CLANG_WARN_ENUM_CONVERSION = YES;
				CLANG_WARN_INFINITE_RECURSION = YES;
				CLANG_WARN_INT_CONVERSION = YES;
				CLANG_WARN_NON_LITERAL_NULL_CONVERSION = YES;
				CLANG_WARN_OBJC_IMPLICIT_RETAIN_SELF = YES;
				CLANG_WARN_OBJC_LITERAL_CONVERSION = YES;
				CLANG_WARN_OBJC_ROOT_CLASS = YES_ERROR;
				CLANG_WARN_RANGE_LOOP_ANALYSIS = YES;
				CLANG_WARN_STRICT_PROTOTYPES = YES;
				CLANG_WARN_SUSPICIOUS_MOVE = YES;
				CLANG_WARN_UNGUARDED_AVAILABILITY = YES_AGGRESSIVE;
				CLANG_WARN_UNREACHABLE_CODE = YES;
				CLANG_WARN__DUPLICATE_METHOD_MATCH = YES;
				CODE_SIGN_IDENTITY = "iPhone Developer";
				COPY_PHASE_STRIP = NO;
				DEBUG_INFORMATION_FORMAT = dwarf;
				ENABLE_STRICT_OBJC_MSGSEND = YES;
				ENABLE_TESTABILITY = YES;
				GCC_C_LANGUAGE_STANDARD = gnu11;
				GCC_DYNAMIC_NO_PIC = NO;
				GCC_NO_COMMON_BLOCKS = YES;
				GCC_OPTIMIZATION_LEVEL = 0;
				GCC_PREPROCESSOR_DEFINITIONS = (
					"DEBUG=1",
					"$(inherited)",
				);
				GCC_WARN_64_TO_32_BIT_CONVERSION = YES;
				GCC_WARN_ABOUT_RETURN_TYPE = YES_ERROR;
				GCC_WARN_UNDECLARED_SELECTOR = YES;
				GCC_WARN_UNINITIALIZED_AUTOS = YES_AGGRESSIVE;
				GCC_WARN_UNUSED_FUNCTION = YES;
				GCC_WARN_UNUSED_VARIABLE = YES;
				IPHONEOS_DEPLOYMENT_TARGET = 12.1;
				MTL_ENABLE_DEBUG_INFO = INCLUDE_SOURCE;
				MTL_FAST_MATH = YES;
				ONLY_ACTIVE_ARCH = YES;
				SDKROOT = iphoneos;
				SWIFT_ACTIVE_COMPILATION_CONDITIONS = DEBUG;
				SWIFT_OPTIMIZATION_LEVEL = "-Onone";
			};
			name = Debug;
		};
		49A7076A22032E0400B604F7 /* Release */ = {
			isa = XCBuildConfiguration;
			buildSettings = {
				ALWAYS_SEARCH_USER_PATHS = NO;
				CLANG_ANALYZER_NONNULL = YES;
				CLANG_ANALYZER_NUMBER_OBJECT_CONVERSION = YES_AGGRESSIVE;
				CLANG_CXX_LANGUAGE_STANDARD = "gnu++14";
				CLANG_CXX_LIBRARY = "libc++";
				CLANG_ENABLE_MODULES = YES;
				CLANG_ENABLE_OBJC_ARC = YES;
				CLANG_ENABLE_OBJC_WEAK = YES;
				CLANG_WARN_BLOCK_CAPTURE_AUTORELEASING = YES;
				CLANG_WARN_BOOL_CONVERSION = YES;
				CLANG_WARN_COMMA = YES;
				CLANG_WARN_CONSTANT_CONVERSION = YES;
				CLANG_WARN_DEPRECATED_OBJC_IMPLEMENTATIONS = YES;
				CLANG_WARN_DIRECT_OBJC_ISA_USAGE = YES_ERROR;
				CLANG_WARN_DOCUMENTATION_COMMENTS = YES;
				CLANG_WARN_EMPTY_BODY = YES;
				CLANG_WARN_ENUM_CONVERSION = YES;
				CLANG_WARN_INFINITE_RECURSION = YES;
				CLANG_WARN_INT_CONVERSION = YES;
				CLANG_WARN_NON_LITERAL_NULL_CONVERSION = YES;
				CLANG_WARN_OBJC_IMPLICIT_RETAIN_SELF = YES;
				CLANG_WARN_OBJC_LITERAL_CONVERSION = YES;
				CLANG_WARN_OBJC_ROOT_CLASS = YES_ERROR;
				CLANG_WARN_RANGE_LOOP_ANALYSIS = YES;
				CLANG_WARN_STRICT_PROTOTYPES = YES;
				CLANG_WARN_SUSPICIOUS_MOVE = YES;
				CLANG_WARN_UNGUARDED_AVAILABILITY = YES_AGGRESSIVE;
				CLANG_WARN_UNREACHABLE_CODE = YES;
				CLANG_WARN__DUPLICATE_METHOD_MATCH = YES;
				CODE_SIGN_IDENTITY = "iPhone Developer";
				COPY_PHASE_STRIP = NO;
				DEBUG_INFORMATION_FORMAT = "dwarf-with-dsym";
				ENABLE_NS_ASSERTIONS = NO;
				ENABLE_STRICT_OBJC_MSGSEND = YES;
				GCC_C_LANGUAGE_STANDARD = gnu11;
				GCC_NO_COMMON_BLOCKS = YES;
				GCC_WARN_64_TO_32_BIT_CONVERSION = YES;
				GCC_WARN_ABOUT_RETURN_TYPE = YES_ERROR;
				GCC_WARN_UNDECLARED_SELECTOR = YES;
				GCC_WARN_UNINITIALIZED_AUTOS = YES_AGGRESSIVE;
				GCC_WARN_UNUSED_FUNCTION = YES;
				GCC_WARN_UNUSED_VARIABLE = YES;
				IPHONEOS_DEPLOYMENT_TARGET = 12.1;
				MTL_ENABLE_DEBUG_INFO = NO;
				MTL_FAST_MATH = YES;
				SDKROOT = iphoneos;
				SWIFT_COMPILATION_MODE = wholemodule;
				SWIFT_OPTIMIZATION_LEVEL = "-O";
				VALIDATE_PRODUCT = YES;
			};
			name = Release;
		};
		49A7076C22032E0400B604F7 /* Debug */ = {
			isa = XCBuildConfiguration;
			buildSettings = {
				ASSETCATALOG_COMPILER_APPICON_NAME = AppIcon;
				CODE_SIGN_STYLE = Automatic;
				INFOPLIST_FILE = "Eindproject Brecht/Info.plist";
				LD_RUNPATH_SEARCH_PATHS = (
					"$(inherited)",
					"@executable_path/Frameworks",
				);
				PRODUCT_BUNDLE_IDENTIFIER = "be.ehb.Eindproject-Brecht";
				PRODUCT_NAME = "$(TARGET_NAME)";
				SWIFT_VERSION = 4.2;
				TARGETED_DEVICE_FAMILY = 1;
			};
			name = Debug;
		};
		49A7076D22032E0400B604F7 /* Release */ = {
			isa = XCBuildConfiguration;
			buildSettings = {
				ASSETCATALOG_COMPILER_APPICON_NAME = AppIcon;
				CODE_SIGN_STYLE = Automatic;
				INFOPLIST_FILE = "Eindproject Brecht/Info.plist";
				LD_RUNPATH_SEARCH_PATHS = (
					"$(inherited)",
					"@executable_path/Frameworks",
				);
				PRODUCT_BUNDLE_IDENTIFIER = "be.ehb.Eindproject-Brecht";
				PRODUCT_NAME = "$(TARGET_NAME)";
				SWIFT_VERSION = 4.2;
				TARGETED_DEVICE_FAMILY = 1;
			};
			name = Release;
		};
/* End XCBuildConfiguration section */

/* Begin XCConfigurationList section */
		49A7075422032E0100B604F7 /* Build configuration list for PBXProject "Eindproject Brecht" */ = {
			isa = XCConfigurationList;
			buildConfigurations = (
				49A7076922032E0400B604F7 /* Debug */,
				49A7076A22032E0400B604F7 /* Release */,
			);
			defaultConfigurationIsVisible = 0;
			defaultConfigurationName = Release;
		};
		49A7076B22032E0400B604F7 /* Build configuration list for PBXNativeTarget "Eindproject Brecht" */ = {
			isa = XCConfigurationList;
			buildConfigurations = (
				49A7076C22032E0400B604F7 /* Debug */,
				49A7076D22032E0400B604F7 /* Release */,
			);
			defaultConfigurationIsVisible = 0;
			defaultConfigurationName = Release;
		};
/* End XCConfigurationList section */
	};
	rootObject = 49A7075122032E0100B604F7 /* Project object */;
}
